
Microsoft Visual Studio Solution File, Format Version 12.00
# Visual Studio Version 18
VisualStudioVersion = 18.8.12021.73 stable
MinimumVisualStudioVersion = 10.0.40219.1
Project("{8BC9CEB8-8B4A-11D0-8D11-00A0C91BC942}") = "unegg-main", "unegg-main\unegg-main.vcxproj", "{311B62BF-65FF-4490-9454-6D7561EF6A7D}"
EndProject
Project("{8BC9CEB8-8B4A-11D0-8D11-00A0C91BC942}") = "unegg", "..\Src\unegg\unegg.vcxproj", "{312F1377-40BD-4376-BC4D-F09FC40654B4}"
EndProject
Global
	GlobalSection(SolutionConfigurationPlatforms) = preSolution
		Debug|x64 = Debug|x64
		Debug|x86 = Debug|x86
		Release|x64 = Release|x64
		Release|x86 = Release|x86
		ReleaseMT|x64 = ReleaseMT|x64
		ReleaseMT|x86 = ReleaseMT|x86
	EndGlobalSection
	GlobalSection(ProjectConfigurationPlatforms) = postSolution
		{311B62BF-65FF-4490-9454-6D7561EF6A7D}.Debug|x64.ActiveCfg = Debug|x64
		{311B62BF-65FF-4490-9454-6D7561EF6A7D}.Debug|x64.Build.0 = Debug|x64
		{311B62BF-65FF-4490-9454-6D7561EF6A7D}.Debug|x86.ActiveCfg = Debug|Win32
		{311B62BF-65FF-4490-9454-6D7561EF6A7D}.Debug|x86.Build.0 = Debug|Win32
		{311B62BF-65FF-4490-9454-6D7561EF6A7D}.Release|x64.ActiveCfg = Release|x64
		{311B62BF-65FF-4490-9454-6D7561EF6A7D}.Release|x64.Build.0 = Release|x64
		{311B62BF-65FF-4490-9454-6D7561EF6A7D}.Release|x86.ActiveCfg = Release|Win32
		{311B62BF-65FF-4490-9454-6D7561EF6A7D}.Release|x86.Build.0 = Release|Win32
		{311B62BF-65FF-4490-9454-6D7561EF6A7D}.ReleaseMT|x64.ActiveCfg = Release|x64
		{311B62BF-65FF-4490-9454-6D7561EF6A7D}.ReleaseMT|x64.Build.0 = Release|x64
		{311B62BF-65FF-4490-9454-6D7561EF6A7D}.ReleaseMT|x86.ActiveCfg = Release|Win32
		{311B62BF-65FF-4490-9454-6D7561EF6A7D}.ReleaseMT|x86.Build.0 = Release|Win32
		{312F1377-40BD-4376-BC4D-F09FC40654B4}.Debug|x64.ActiveCfg = Debug|x64
		{312F1377-40BD-4376-BC4D-F09FC40654B4}.Debug|x64.Build.0 = Debug|x64
		{312F1377-40BD-4376-BC4D-F09FC40654B4}.Debug|x86.ActiveCfg = Debug|Win32
		{312F1377-40BD-4376-BC4D-F09FC40654B4}.Debug|x86.Build.0 = Debug|Win32
		{312F1377-40BD-4376-BC4D-F09FC40654B4}.Release|x64.ActiveCfg = Release|x64
		{312F1377-40BD-4376-BC4D-F09FC40654B4}.Release|x64.Build.0 = Release|x64
		{312F1377-40BD-4376-BC4D-F09FC40654B4}.Release|x86.ActiveCfg = Release|Win32
		{312F1377-40BD-4376-BC4D-F09FC40654B4}.Release|x86.Build.0 = Release|Win32
		{312F1377-40BD-4376-BC4D-F09FC40654B4}.ReleaseMT|x64.ActiveCfg = ReleaseMT|x64
		{312F1377-40BD-4376-BC4D-F09FC40654B4}.ReleaseMT|x64.Build.0 = ReleaseMT|x64
		{312F1377-40BD-4376-BC4D-F09FC40654B4}.ReleaseMT|x86.ActiveCfg = ReleaseMT|Win32
		{312F1377-40BD-4376-BC4D-F09FC40654B4}.ReleaseMT|x86.Build.0 = ReleaseMT|Win32
	EndGlobalSection
	GlobalSection(SolutionProperties) = preSolution
		HideSolutionNode = FALSE
	EndGlobalSection
	GlobalSection(ExtensibilityGlobals) = postSolution
		SolutionGuid = {DC8FB097-8526-4388-BCDB-D87478D02890}
	EndGlobalSection
EndGlobal
