
Microsoft Visual Studio Solution File, Format Version 12.00
# Visual Studio Version 17
VisualStudioVersion = 17.5.33516.290
MinimumVisualStudioVersion = 10.0.40219.1
Project("{8BC9CEB8-8B4A-11D0-8D11-00A0C91BC942}") = "pcre2Test", "pcre2Test.vcxproj", "{BE509162-AEC2-47F4-BC8B-D3052DAE8D1B}"
EndProject
Project("{8BC9CEB8-8B4A-11D0-8D11-00A0C91BC942}") = "pcre2A", "..\..\Src\pcre2\pcre2A.vcxproj", "{EB05AC9B-5E4C-41FC-B86E-29966C8AB278}"
EndProject
Project("{8BC9CEB8-8B4A-11D0-8D11-00A0C91BC942}") = "pcre2U", "..\..\Src\pcre2\pcre2U.vcxproj", "{635C6FFE-25B0-4BC0-88BD-0A84D5A3442B}"
EndProject
Project("{8BC9CEB8-8B4A-11D0-8D11-00A0C91BC942}") = "pcre2W", "..\..\Src\pcre2\pcre2W.vcxproj", "{1FB009B3-4BC9-4515-9DB9-342F7AEF70EC}"
EndProject
Project("{8BC9CEB8-8B4A-11D0-8D11-00A0C91BC942}") = "pcre2", "..\..\Src\pcre2\pcre2.vcxproj", "{2246E4DB-8E83-4D57-A2A5-2C0129238ABD}"
	ProjectSection(ProjectDependencies) = postProject
		{1FB009B3-4BC9-4515-9DB9-342F7AEF70EC} = {1FB009B3-4BC9-4515-9DB9-342F7AEF70EC}
		{635C6FFE-25B0-4BC0-88BD-0A84D5A3442B} = {635C6FFE-25B0-4BC0-88BD-0A84D5A3442B}
		{EB05AC9B-5E4C-41FC-B86E-29966C8AB278} = {EB05AC9B-5E4C-41FC-B86E-29966C8AB278}
	EndProjectSection
EndProject
Global
	GlobalSection(SolutionConfigurationPlatforms) = preSolution
		Debug|x64 = Debug|x64
		Debug|x86 = Debug|x86
		DebugMT|x64 = DebugMT|x64
		DebugMT|x86 = DebugMT|x86
		Release|x64 = Release|x64
		Release|x86 = Release|x86
		ReleaseMT|x64 = ReleaseMT|x64
		ReleaseMT|x86 = ReleaseMT|x86
	EndGlobalSection
	GlobalSection(ProjectConfigurationPlatforms) = postSolution
		{BE509162-AEC2-47F4-BC8B-D3052DAE8D1B}.Debug|x64.ActiveCfg = Debug|x64
		{BE509162-AEC2-47F4-BC8B-D3052DAE8D1B}.Debug|x64.Build.0 = Debug|x64
		{BE509162-AEC2-47F4-BC8B-D3052DAE8D1B}.Debug|x86.ActiveCfg = Debug|Win32
		{BE509162-AEC2-47F4-BC8B-D3052DAE8D1B}.Debug|x86.Build.0 = Debug|Win32
		{BE509162-AEC2-47F4-BC8B-D3052DAE8D1B}.DebugMT|x64.ActiveCfg = Debug|x64
		{BE509162-AEC2-47F4-BC8B-D3052DAE8D1B}.DebugMT|x64.Build.0 = Debug|x64
		{BE509162-AEC2-47F4-BC8B-D3052DAE8D1B}.DebugMT|x86.ActiveCfg = Debug|Win32
		{BE509162-AEC2-47F4-BC8B-D3052DAE8D1B}.DebugMT|x86.Build.0 = Debug|Win32
		{BE509162-AEC2-47F4-BC8B-D3052DAE8D1B}.Release|x64.ActiveCfg = Release|x64
		{BE509162-AEC2-47F4-BC8B-D3052DAE8D1B}.Release|x64.Build.0 = Release|x64
		{BE509162-AEC2-47F4-BC8B-D3052DAE8D1B}.Release|x86.ActiveCfg = Release|Win32
		{BE509162-AEC2-47F4-BC8B-D3052DAE8D1B}.Release|x86.Build.0 = Release|Win32
		{BE509162-AEC2-47F4-BC8B-D3052DAE8D1B}.ReleaseMT|x64.ActiveCfg = ReleaseMT|x64
		{BE509162-AEC2-47F4-BC8B-D3052DAE8D1B}.ReleaseMT|x64.Build.0 = ReleaseMT|x64
		{BE509162-AEC2-47F4-BC8B-D3052DAE8D1B}.ReleaseMT|x86.ActiveCfg = ReleaseMT|Win32
		{BE509162-AEC2-47F4-BC8B-D3052DAE8D1B}.ReleaseMT|x86.Build.0 = ReleaseMT|Win32
		{EB05AC9B-5E4C-41FC-B86E-29966C8AB278}.Debug|x64.ActiveCfg = Debug|x64
		{EB05AC9B-5E4C-41FC-B86E-29966C8AB278}.Debug|x64.Build.0 = Debug|x64
		{EB05AC9B-5E4C-41FC-B86E-29966C8AB278}.Debug|x86.ActiveCfg = Debug|Win32
		{EB05AC9B-5E4C-41FC-B86E-29966C8AB278}.Debug|x86.Build.0 = Debug|Win32
		{EB05AC9B-5E4C-41FC-B86E-29966C8AB278}.DebugMT|x64.ActiveCfg = DebugMT|x64
		{EB05AC9B-5E4C-41FC-B86E-29966C8AB278}.DebugMT|x64.Build.0 = DebugMT|x64
		{EB05AC9B-5E4C-41FC-B86E-29966C8AB278}.DebugMT|x86.ActiveCfg = DebugMT|Win32
		{EB05AC9B-5E4C-41FC-B86E-29966C8AB278}.DebugMT|x86.Build.0 = DebugMT|Win32
		{EB05AC9B-5E4C-41FC-B86E-29966C8AB278}.Release|x64.ActiveCfg = Release|x64
		{EB05AC9B-5E4C-41FC-B86E-29966C8AB278}.Release|x64.Build.0 = Release|x64
		{EB05AC9B-5E4C-41FC-B86E-29966C8AB278}.Release|x86.ActiveCfg = Release|Win32
		{EB05AC9B-5E4C-41FC-B86E-29966C8AB278}.Release|x86.Build.0 = Release|Win32
		{EB05AC9B-5E4C-41FC-B86E-29966C8AB278}.ReleaseMT|x64.ActiveCfg = ReleaseMT|x64
		{EB05AC9B-5E4C-41FC-B86E-29966C8AB278}.ReleaseMT|x64.Build.0 = ReleaseMT|x64
		{EB05AC9B-5E4C-41FC-B86E-29966C8AB278}.ReleaseMT|x86.ActiveCfg = ReleaseMT|Win32
		{EB05AC9B-5E4C-41FC-B86E-29966C8AB278}.ReleaseMT|x86.Build.0 = ReleaseMT|Win32
		{635C6FFE-25B0-4BC0-88BD-0A84D5A3442B}.Debug|x64.ActiveCfg = Debug|x64
		{635C6FFE-25B0-4BC0-88BD-0A84D5A3442B}.Debug|x64.Build.0 = Debug|x64
		{635C6FFE-25B0-4BC0-88BD-0A84D5A3442B}.Debug|x86.ActiveCfg = Debug|Win32
		{635C6FFE-25B0-4BC0-88BD-0A84D5A3442B}.Debug|x86.Build.0 = Debug|Win32
		{635C6FFE-25B0-4BC0-88BD-0A84D5A3442B}.DebugMT|x64.ActiveCfg = DebugMT|x64
		{635C6FFE-25B0-4BC0-88BD-0A84D5A3442B}.DebugMT|x64.Build.0 = DebugMT|x64
		{635C6FFE-25B0-4BC0-88BD-0A84D5A3442B}.DebugMT|x86.ActiveCfg = DebugMT|Win32
		{635C6FFE-25B0-4BC0-88BD-0A84D5A3442B}.DebugMT|x86.Build.0 = DebugMT|Win32
		{635C6FFE-25B0-4BC0-88BD-0A84D5A3442B}.Release|x64.ActiveCfg = Release|x64
		{635C6FFE-25B0-4BC0-88BD-0A84D5A3442B}.Release|x64.Build.0 = Release|x64
		{635C6FFE-25B0-4BC0-88BD-0A84D5A3442B}.Release|x86.ActiveCfg = Release|Win32
		{635C6FFE-25B0-4BC0-88BD-0A84D5A3442B}.Release|x86.Build.0 = Release|Win32
		{635C6FFE-25B0-4BC0-88BD-0A84D5A3442B}.ReleaseMT|x64.ActiveCfg = ReleaseMT|x64
		{635C6FFE-25B0-4BC0-88BD-0A84D5A3442B}.ReleaseMT|x64.Build.0 = ReleaseMT|x64
		{635C6FFE-25B0-4BC0-88BD-0A84D5A3442B}.ReleaseMT|x86.ActiveCfg = ReleaseMT|Win32
		{635C6FFE-25B0-4BC0-88BD-0A84D5A3442B}.ReleaseMT|x86.Build.0 = ReleaseMT|Win32
		{1FB009B3-4BC9-4515-9DB9-342F7AEF70EC}.Debug|x64.ActiveCfg = Debug|x64
		{1FB009B3-4BC9-4515-9DB9-342F7AEF70EC}.Debug|x64.Build.0 = Debug|x64
		{1FB009B3-4BC9-4515-9DB9-342F7AEF70EC}.Debug|x86.ActiveCfg = Debug|Win32
		{1FB009B3-4BC9-4515-9DB9-342F7AEF70EC}.Debug|x86.Build.0 = Debug|Win32
		{1FB009B3-4BC9-4515-9DB9-342F7AEF70EC}.DebugMT|x64.ActiveCfg = DebugMT|x64
		{1FB009B3-4BC9-4515-9DB9-342F7AEF70EC}.DebugMT|x64.Build.0 = DebugMT|x64
		{1FB009B3-4BC9-4515-9DB9-342F7AEF70EC}.DebugMT|x86.ActiveCfg = DebugMT|Win32
		{1FB009B3-4BC9-4515-9DB9-342F7AEF70EC}.DebugMT|x86.Build.0 = DebugMT|Win32
		{1FB009B3-4BC9-4515-9DB9-342F7AEF70EC}.Release|x64.ActiveCfg = Release|x64
		{1FB009B3-4BC9-4515-9DB9-342F7AEF70EC}.Release|x64.Build.0 = Release|x64
		{1FB009B3-4BC9-4515-9DB9-342F7AEF70EC}.Release|x86.ActiveCfg = Release|Win32
		{1FB009B3-4BC9-4515-9DB9-342F7AEF70EC}.Release|x86.Build.0 = Release|Win32
		{1FB009B3-4BC9-4515-9DB9-342F7AEF70EC}.ReleaseMT|x64.ActiveCfg = ReleaseMT|x64
		{1FB009B3-4BC9-4515-9DB9-342F7AEF70EC}.ReleaseMT|x64.Build.0 = ReleaseMT|x64
		{1FB009B3-4BC9-4515-9DB9-342F7AEF70EC}.ReleaseMT|x86.ActiveCfg = ReleaseMT|Win32
		{1FB009B3-4BC9-4515-9DB9-342F7AEF70EC}.ReleaseMT|x86.Build.0 = ReleaseMT|Win32
		{2246E4DB-8E83-4D57-A2A5-2C0129238ABD}.Debug|x64.ActiveCfg = Debug|x64
		{2246E4DB-8E83-4D57-A2A5-2C0129238ABD}.Debug|x64.Build.0 = Debug|x64
		{2246E4DB-8E83-4D57-A2A5-2C0129238ABD}.Debug|x86.ActiveCfg = Debug|Win32
		{2246E4DB-8E83-4D57-A2A5-2C0129238ABD}.Debug|x86.Build.0 = Debug|Win32
		{2246E4DB-8E83-4D57-A2A5-2C0129238ABD}.DebugMT|x64.ActiveCfg = DebugMT|x64
		{2246E4DB-8E83-4D57-A2A5-2C0129238ABD}.DebugMT|x64.Build.0 = DebugMT|x64
		{2246E4DB-8E83-4D57-A2A5-2C0129238ABD}.DebugMT|x86.ActiveCfg = DebugMT|Win32
		{2246E4DB-8E83-4D57-A2A5-2C0129238ABD}.DebugMT|x86.Build.0 = DebugMT|Win32
		{2246E4DB-8E83-4D57-A2A5-2C0129238ABD}.Release|x64.ActiveCfg = Release|x64
		{2246E4DB-8E83-4D57-A2A5-2C0129238ABD}.Release|x64.Build.0 = Release|x64
		{2246E4DB-8E83-4D57-A2A5-2C0129238ABD}.Release|x86.ActiveCfg = Release|Win32
		{2246E4DB-8E83-4D57-A2A5-2C0129238ABD}.Release|x86.Build.0 = Release|Win32
		{2246E4DB-8E83-4D57-A2A5-2C0129238ABD}.ReleaseMT|x64.ActiveCfg = ReleaseMT|x64
		{2246E4DB-8E83-4D57-A2A5-2C0129238ABD}.ReleaseMT|x64.Build.0 = ReleaseMT|x64
		{2246E4DB-8E83-4D57-A2A5-2C0129238ABD}.ReleaseMT|x86.ActiveCfg = ReleaseMT|Win32
		{2246E4DB-8E83-4D57-A2A5-2C0129238ABD}.ReleaseMT|x86.Build.0 = ReleaseMT|Win32
	EndGlobalSection
	GlobalSection(SolutionProperties) = preSolution
		HideSolutionNode = FALSE
	EndGlobalSection
	GlobalSection(ExtensibilityGlobals) = postSolution
		SolutionGuid = {D195FF35-9312-41B3-84DA-7CDA891E0B0A}
	EndGlobalSection
EndGlobal
