
Microsoft Visual Studio Solution File, Format Version 12.00
# Visual Studio Version 17
VisualStudioVersion = 17.5.33516.290
MinimumVisualStudioVersion = 10.0.40219.1
Project("{8BC9CEB8-8B4A-11D0-8D11-00A0C91BC942}") = "CxImage", "CxImage\cximage.vcxproj", "{6B2D2018-095E-49B3-B1EA-2B10B469CD97}"
EndProject
Project("{8BC9CEB8-8B4A-11D0-8D11-00A0C91BC942}") = "jasper", "jasper\jasper.vcxproj", "{7ADE144C-9F58-427F-977F-2C12DF3CE107}"
EndProject
Project("{8BC9CEB8-8B4A-11D0-8D11-00A0C91BC942}") = "jbig", "jbig\jbig.vcxproj", "{C52E992D-D1B2-4289-A8FC-703A38AEE6EB}"
EndProject
Project("{8BC9CEB8-8B4A-11D0-8D11-00A0C91BC942}") = "jpeg", "jpeg\Jpeg.vcxproj", "{3F2422C7-54F2-415F-85E2-AF751E5A943E}"
EndProject
Project("{8BC9CEB8-8B4A-11D0-8D11-00A0C91BC942}") = "libdcr", "raw\libdcr.vcxproj", "{131B24CE-A75B-47BF-8E2D-EEBCB630BCDA}"
EndProject
Project("{8BC9CEB8-8B4A-11D0-8D11-00A0C91BC942}") = "mng", "mng\mng.vcxproj", "{DBDBEE74-F2B4-4839-957A-A43DC03043B4}"
EndProject
Project("{8BC9CEB8-8B4A-11D0-8D11-00A0C91BC942}") = "png", "png\png.vcxproj", "{4AD950D9-2415-4208-AD63-13E1AB06CD27}"
EndProject
Project("{8BC9CEB8-8B4A-11D0-8D11-00A0C91BC942}") = "tiff", "tiff\Tiff.vcxproj", "{154DC07C-A70C-4634-A458-EE642A3FC526}"
	ProjectSection(ProjectDependencies) = postProject
		{4EADA9B8-182C-44F9-BFAE-3A4B2A61A59D} = {4EADA9B8-182C-44F9-BFAE-3A4B2A61A59D}
	EndProjectSection
EndProject
Project("{8BC9CEB8-8B4A-11D0-8D11-00A0C91BC942}") = "zlib", "zlib\zlib.vcxproj", "{4EADA9B8-182C-44F9-BFAE-3A4B2A61A59D}"
EndProject
Global
	GlobalSection(SolutionConfigurationPlatforms) = preSolution
		Debug|x64 = Debug|x64
		Debug|x86 = Debug|x86
		DebugMT|x64 = DebugMT|x64
		DebugMT|x86 = DebugMT|x86
		Release|x64 = Release|x64
		Release|x86 = Release|x86
		ReleaseMT|x64 = ReleaseMT|x64
		ReleaseMT|x86 = ReleaseMT|x86
	EndGlobalSection
	GlobalSection(ProjectConfigurationPlatforms) = postSolution
		{6B2D2018-095E-49B3-B1EA-2B10B469CD97}.Debug|x64.ActiveCfg = Debug|x64
		{6B2D2018-095E-49B3-B1EA-2B10B469CD97}.Debug|x64.Build.0 = Debug|x64
		{6B2D2018-095E-49B3-B1EA-2B10B469CD97}.Debug|x86.ActiveCfg = Debug|Win32
		{6B2D2018-095E-49B3-B1EA-2B10B469CD97}.Debug|x86.Build.0 = Debug|Win32
		{6B2D2018-095E-49B3-B1EA-2B10B469CD97}.DebugMT|x64.ActiveCfg = DebugMT|x64
		{6B2D2018-095E-49B3-B1EA-2B10B469CD97}.DebugMT|x64.Build.0 = DebugMT|x64
		{6B2D2018-095E-49B3-B1EA-2B10B469CD97}.DebugMT|x86.ActiveCfg = DebugMT|Win32
		{6B2D2018-095E-49B3-B1EA-2B10B469CD97}.DebugMT|x86.Build.0 = DebugMT|Win32
		{6B2D2018-095E-49B3-B1EA-2B10B469CD97}.Release|x64.ActiveCfg = Release|x64
		{6B2D2018-095E-49B3-B1EA-2B10B469CD97}.Release|x64.Build.0 = Release|x64
		{6B2D2018-095E-49B3-B1EA-2B10B469CD97}.Release|x86.ActiveCfg = Release|Win32
		{6B2D2018-095E-49B3-B1EA-2B10B469CD97}.Release|x86.Build.0 = Release|Win32
		{6B2D2018-095E-49B3-B1EA-2B10B469CD97}.ReleaseMT|x64.ActiveCfg = ReleaseMT|x64
		{6B2D2018-095E-49B3-B1EA-2B10B469CD97}.ReleaseMT|x64.Build.0 = ReleaseMT|x64
		{6B2D2018-095E-49B3-B1EA-2B10B469CD97}.ReleaseMT|x86.ActiveCfg = ReleaseMT|Win32
		{6B2D2018-095E-49B3-B1EA-2B10B469CD97}.ReleaseMT|x86.Build.0 = ReleaseMT|Win32
		{7ADE144C-9F58-427F-977F-2C12DF3CE107}.Debug|x64.ActiveCfg = Debug|x64
		{7ADE144C-9F58-427F-977F-2C12DF3CE107}.Debug|x64.Build.0 = Debug|x64
		{7ADE144C-9F58-427F-977F-2C12DF3CE107}.Debug|x86.ActiveCfg = Debug|Win32
		{7ADE144C-9F58-427F-977F-2C12DF3CE107}.Debug|x86.Build.0 = Debug|Win32
		{7ADE144C-9F58-427F-977F-2C12DF3CE107}.DebugMT|x64.ActiveCfg = DebugMT|x64
		{7ADE144C-9F58-427F-977F-2C12DF3CE107}.DebugMT|x64.Build.0 = DebugMT|x64
		{7ADE144C-9F58-427F-977F-2C12DF3CE107}.DebugMT|x86.ActiveCfg = DebugMT|Win32
		{7ADE144C-9F58-427F-977F-2C12DF3CE107}.DebugMT|x86.Build.0 = DebugMT|Win32
		{7ADE144C-9F58-427F-977F-2C12DF3CE107}.Release|x64.ActiveCfg = Release|x64
		{7ADE144C-9F58-427F-977F-2C12DF3CE107}.Release|x64.Build.0 = Release|x64
		{7ADE144C-9F58-427F-977F-2C12DF3CE107}.Release|x86.ActiveCfg = Release|Win32
		{7ADE144C-9F58-427F-977F-2C12DF3CE107}.Release|x86.Build.0 = Release|Win32
		{7ADE144C-9F58-427F-977F-2C12DF3CE107}.ReleaseMT|x64.ActiveCfg = ReleaseMT|x64
		{7ADE144C-9F58-427F-977F-2C12DF3CE107}.ReleaseMT|x64.Build.0 = ReleaseMT|x64
		{7ADE144C-9F58-427F-977F-2C12DF3CE107}.ReleaseMT|x86.ActiveCfg = ReleaseMT|Win32
		{7ADE144C-9F58-427F-977F-2C12DF3CE107}.ReleaseMT|x86.Build.0 = ReleaseMT|Win32
		{C52E992D-D1B2-4289-A8FC-703A38AEE6EB}.Debug|x64.ActiveCfg = Debug|x64
		{C52E992D-D1B2-4289-A8FC-703A38AEE6EB}.Debug|x64.Build.0 = Debug|x64
		{C52E992D-D1B2-4289-A8FC-703A38AEE6EB}.Debug|x86.ActiveCfg = Debug|Win32
		{C52E992D-D1B2-4289-A8FC-703A38AEE6EB}.Debug|x86.Build.0 = Debug|Win32
		{C52E992D-D1B2-4289-A8FC-703A38AEE6EB}.DebugMT|x64.ActiveCfg = DebugMT|x64
		{C52E992D-D1B2-4289-A8FC-703A38AEE6EB}.DebugMT|x64.Build.0 = DebugMT|x64
		{C52E992D-D1B2-4289-A8FC-703A38AEE6EB}.DebugMT|x86.ActiveCfg = DebugMT|Win32
		{C52E992D-D1B2-4289-A8FC-703A38AEE6EB}.DebugMT|x86.Build.0 = DebugMT|Win32
		{C52E992D-D1B2-4289-A8FC-703A38AEE6EB}.Release|x64.ActiveCfg = Release|x64
		{C52E992D-D1B2-4289-A8FC-703A38AEE6EB}.Release|x64.Build.0 = Release|x64
		{C52E992D-D1B2-4289-A8FC-703A38AEE6EB}.Release|x86.ActiveCfg = Release|Win32
		{C52E992D-D1B2-4289-A8FC-703A38AEE6EB}.Release|x86.Build.0 = Release|Win32
		{C52E992D-D1B2-4289-A8FC-703A38AEE6EB}.ReleaseMT|x64.ActiveCfg = ReleaseMT|x64
		{C52E992D-D1B2-4289-A8FC-703A38AEE6EB}.ReleaseMT|x64.Build.0 = ReleaseMT|x64
		{C52E992D-D1B2-4289-A8FC-703A38AEE6EB}.ReleaseMT|x86.ActiveCfg = ReleaseMT|Win32
		{C52E992D-D1B2-4289-A8FC-703A38AEE6EB}.ReleaseMT|x86.Build.0 = ReleaseMT|Win32
		{3F2422C7-54F2-415F-85E2-AF751E5A943E}.Debug|x64.ActiveCfg = Debug|x64
		{3F2422C7-54F2-415F-85E2-AF751E5A943E}.Debug|x64.Build.0 = Debug|x64
		{3F2422C7-54F2-415F-85E2-AF751E5A943E}.Debug|x86.ActiveCfg = Debug|Win32
		{3F2422C7-54F2-415F-85E2-AF751E5A943E}.Debug|x86.Build.0 = Debug|Win32
		{3F2422C7-54F2-415F-85E2-AF751E5A943E}.DebugMT|x64.ActiveCfg = DebugMT|x64
		{3F2422C7-54F2-415F-85E2-AF751E5A943E}.DebugMT|x64.Build.0 = DebugMT|x64
		{3F2422C7-54F2-415F-85E2-AF751E5A943E}.DebugMT|x86.ActiveCfg = DebugMT|Win32
		{3F2422C7-54F2-415F-85E2-AF751E5A943E}.DebugMT|x86.Build.0 = DebugMT|Win32
		{3F2422C7-54F2-415F-85E2-AF751E5A943E}.Release|x64.ActiveCfg = Release|x64
		{3F2422C7-54F2-415F-85E2-AF751E5A943E}.Release|x64.Build.0 = Release|x64
		{3F2422C7-54F2-415F-85E2-AF751E5A943E}.Release|x86.ActiveCfg = Release|Win32
		{3F2422C7-54F2-415F-85E2-AF751E5A943E}.Release|x86.Build.0 = Release|Win32
		{3F2422C7-54F2-415F-85E2-AF751E5A943E}.ReleaseMT|x64.ActiveCfg = ReleaseMT|x64
		{3F2422C7-54F2-415F-85E2-AF751E5A943E}.ReleaseMT|x64.Build.0 = ReleaseMT|x64
		{3F2422C7-54F2-415F-85E2-AF751E5A943E}.ReleaseMT|x86.ActiveCfg = ReleaseMT|Win32
		{3F2422C7-54F2-415F-85E2-AF751E5A943E}.ReleaseMT|x86.Build.0 = ReleaseMT|Win32
		{131B24CE-A75B-47BF-8E2D-EEBCB630BCDA}.Debug|x64.ActiveCfg = Debug|x64
		{131B24CE-A75B-47BF-8E2D-EEBCB630BCDA}.Debug|x64.Build.0 = Debug|x64
		{131B24CE-A75B-47BF-8E2D-EEBCB630BCDA}.Debug|x86.ActiveCfg = Debug|Win32
		{131B24CE-A75B-47BF-8E2D-EEBCB630BCDA}.Debug|x86.Build.0 = Debug|Win32
		{131B24CE-A75B-47BF-8E2D-EEBCB630BCDA}.DebugMT|x64.ActiveCfg = DebugMT|x64
		{131B24CE-A75B-47BF-8E2D-EEBCB630BCDA}.DebugMT|x64.Build.0 = DebugMT|x64
		{131B24CE-A75B-47BF-8E2D-EEBCB630BCDA}.DebugMT|x86.ActiveCfg = DebugMT|Win32
		{131B24CE-A75B-47BF-8E2D-EEBCB630BCDA}.DebugMT|x86.Build.0 = DebugMT|Win32
		{131B24CE-A75B-47BF-8E2D-EEBCB630BCDA}.Release|x64.ActiveCfg = Release|x64
		{131B24CE-A75B-47BF-8E2D-EEBCB630BCDA}.Release|x64.Build.0 = Release|x64
		{131B24CE-A75B-47BF-8E2D-EEBCB630BCDA}.Release|x86.ActiveCfg = Release|Win32
		{131B24CE-A75B-47BF-8E2D-EEBCB630BCDA}.Release|x86.Build.0 = Release|Win32
		{131B24CE-A75B-47BF-8E2D-EEBCB630BCDA}.ReleaseMT|x64.ActiveCfg = ReleaseMT|x64
		{131B24CE-A75B-47BF-8E2D-EEBCB630BCDA}.ReleaseMT|x64.Build.0 = ReleaseMT|x64
		{131B24CE-A75B-47BF-8E2D-EEBCB630BCDA}.ReleaseMT|x86.ActiveCfg = ReleaseMT|Win32
		{131B24CE-A75B-47BF-8E2D-EEBCB630BCDA}.ReleaseMT|x86.Build.0 = ReleaseMT|Win32
		{DBDBEE74-F2B4-4839-957A-A43DC03043B4}.Debug|x64.ActiveCfg = Debug|x64
		{DBDBEE74-F2B4-4839-957A-A43DC03043B4}.Debug|x64.Build.0 = Debug|x64
		{DBDBEE74-F2B4-4839-957A-A43DC03043B4}.Debug|x86.ActiveCfg = Debug|Win32
		{DBDBEE74-F2B4-4839-957A-A43DC03043B4}.Debug|x86.Build.0 = Debug|Win32
		{DBDBEE74-F2B4-4839-957A-A43DC03043B4}.DebugMT|x64.ActiveCfg = DebugMT|x64
		{DBDBEE74-F2B4-4839-957A-A43DC03043B4}.DebugMT|x64.Build.0 = DebugMT|x64
		{DBDBEE74-F2B4-4839-957A-A43DC03043B4}.DebugMT|x86.ActiveCfg = DebugMT|Win32
		{DBDBEE74-F2B4-4839-957A-A43DC03043B4}.DebugMT|x86.Build.0 = DebugMT|Win32
		{DBDBEE74-F2B4-4839-957A-A43DC03043B4}.Release|x64.ActiveCfg = Release|x64
		{DBDBEE74-F2B4-4839-957A-A43DC03043B4}.Release|x64.Build.0 = Release|x64
		{DBDBEE74-F2B4-4839-957A-A43DC03043B4}.Release|x86.ActiveCfg = Release|Win32
		{DBDBEE74-F2B4-4839-957A-A43DC03043B4}.Release|x86.Build.0 = Release|Win32
		{DBDBEE74-F2B4-4839-957A-A43DC03043B4}.ReleaseMT|x64.ActiveCfg = ReleaseMT|x64
		{DBDBEE74-F2B4-4839-957A-A43DC03043B4}.ReleaseMT|x64.Build.0 = ReleaseMT|x64
		{DBDBEE74-F2B4-4839-957A-A43DC03043B4}.ReleaseMT|x86.ActiveCfg = ReleaseMT|Win32
		{DBDBEE74-F2B4-4839-957A-A43DC03043B4}.ReleaseMT|x86.Build.0 = ReleaseMT|Win32
		{4AD950D9-2415-4208-AD63-13E1AB06CD27}.Debug|x64.ActiveCfg = Debug|x64
		{4AD950D9-2415-4208-AD63-13E1AB06CD27}.Debug|x64.Build.0 = Debug|x64
		{4AD950D9-2415-4208-AD63-13E1AB06CD27}.Debug|x86.ActiveCfg = Debug|Win32
		{4AD950D9-2415-4208-AD63-13E1AB06CD27}.Debug|x86.Build.0 = Debug|Win32
		{4AD950D9-2415-4208-AD63-13E1AB06CD27}.DebugMT|x64.ActiveCfg = DebugMT|x64
		{4AD950D9-2415-4208-AD63-13E1AB06CD27}.DebugMT|x64.Build.0 = DebugMT|x64
		{4AD950D9-2415-4208-AD63-13E1AB06CD27}.DebugMT|x86.ActiveCfg = DebugMT|Win32
		{4AD950D9-2415-4208-AD63-13E1AB06CD27}.DebugMT|x86.Build.0 = DebugMT|Win32
		{4AD950D9-2415-4208-AD63-13E1AB06CD27}.Release|x64.ActiveCfg = Release|x64
		{4AD950D9-2415-4208-AD63-13E1AB06CD27}.Release|x64.Build.0 = Release|x64
		{4AD950D9-2415-4208-AD63-13E1AB06CD27}.Release|x86.ActiveCfg = Release|Win32
		{4AD950D9-2415-4208-AD63-13E1AB06CD27}.Release|x86.Build.0 = Release|Win32
		{4AD950D9-2415-4208-AD63-13E1AB06CD27}.ReleaseMT|x64.ActiveCfg = ReleaseMT|x64
		{4AD950D9-2415-4208-AD63-13E1AB06CD27}.ReleaseMT|x64.Build.0 = ReleaseMT|x64
		{4AD950D9-2415-4208-AD63-13E1AB06CD27}.ReleaseMT|x86.ActiveCfg = ReleaseMT|Win32
		{4AD950D9-2415-4208-AD63-13E1AB06CD27}.ReleaseMT|x86.Build.0 = ReleaseMT|Win32
		{154DC07C-A70C-4634-A458-EE642A3FC526}.Debug|x64.ActiveCfg = Debug|x64
		{154DC07C-A70C-4634-A458-EE642A3FC526}.Debug|x64.Build.0 = Debug|x64
		{154DC07C-A70C-4634-A458-EE642A3FC526}.Debug|x86.ActiveCfg = Debug|Win32
		{154DC07C-A70C-4634-A458-EE642A3FC526}.Debug|x86.Build.0 = Debug|Win32
		{154DC07C-A70C-4634-A458-EE642A3FC526}.DebugMT|x64.ActiveCfg = DebugMT|x64
		{154DC07C-A70C-4634-A458-EE642A3FC526}.DebugMT|x64.Build.0 = DebugMT|x64
		{154DC07C-A70C-4634-A458-EE642A3FC526}.DebugMT|x86.ActiveCfg = DebugMT|Win32
		{154DC07C-A70C-4634-A458-EE642A3FC526}.DebugMT|x86.Build.0 = DebugMT|Win32
		{154DC07C-A70C-4634-A458-EE642A3FC526}.Release|x64.ActiveCfg = Release|x64
		{154DC07C-A70C-4634-A458-EE642A3FC526}.Release|x64.Build.0 = Release|x64
		{154DC07C-A70C-4634-A458-EE642A3FC526}.Release|x86.ActiveCfg = Release|Win32
		{154DC07C-A70C-4634-A458-EE642A3FC526}.Release|x86.Build.0 = Release|Win32
		{154DC07C-A70C-4634-A458-EE642A3FC526}.ReleaseMT|x64.ActiveCfg = ReleaseMT|x64
		{154DC07C-A70C-4634-A458-EE642A3FC526}.ReleaseMT|x64.Build.0 = ReleaseMT|x64
		{154DC07C-A70C-4634-A458-EE642A3FC526}.ReleaseMT|x86.ActiveCfg = ReleaseMT|Win32
		{154DC07C-A70C-4634-A458-EE642A3FC526}.ReleaseMT|x86.Build.0 = ReleaseMT|Win32
		{4EADA9B8-182C-44F9-BFAE-3A4B2A61A59D}.Debug|x64.ActiveCfg = Debug|x64
		{4EADA9B8-182C-44F9-BFAE-3A4B2A61A59D}.Debug|x64.Build.0 = Debug|x64
		{4EADA9B8-182C-44F9-BFAE-3A4B2A61A59D}.Debug|x86.ActiveCfg = Debug|Win32
		{4EADA9B8-182C-44F9-BFAE-3A4B2A61A59D}.Debug|x86.Build.0 = Debug|Win32
		{4EADA9B8-182C-44F9-BFAE-3A4B2A61A59D}.DebugMT|x64.ActiveCfg = DebugMT|x64
		{4EADA9B8-182C-44F9-BFAE-3A4B2A61A59D}.DebugMT|x64.Build.0 = DebugMT|x64
		{4EADA9B8-182C-44F9-BFAE-3A4B2A61A59D}.DebugMT|x86.ActiveCfg = DebugMT|Win32
		{4EADA9B8-182C-44F9-BFAE-3A4B2A61A59D}.DebugMT|x86.Build.0 = DebugMT|Win32
		{4EADA9B8-182C-44F9-BFAE-3A4B2A61A59D}.Release|x64.ActiveCfg = Release|x64
		{4EADA9B8-182C-44F9-BFAE-3A4B2A61A59D}.Release|x64.Build.0 = Release|x64
		{4EADA9B8-182C-44F9-BFAE-3A4B2A61A59D}.Release|x86.ActiveCfg = Release|Win32
		{4EADA9B8-182C-44F9-BFAE-3A4B2A61A59D}.Release|x86.Build.0 = Release|Win32
		{4EADA9B8-182C-44F9-BFAE-3A4B2A61A59D}.ReleaseMT|x64.ActiveCfg = ReleaseMT|x64
		{4EADA9B8-182C-44F9-BFAE-3A4B2A61A59D}.ReleaseMT|x64.Build.0 = ReleaseMT|x64
		{4EADA9B8-182C-44F9-BFAE-3A4B2A61A59D}.ReleaseMT|x86.ActiveCfg = ReleaseMT|Win32
		{4EADA9B8-182C-44F9-BFAE-3A4B2A61A59D}.ReleaseMT|x86.Build.0 = ReleaseMT|Win32
	EndGlobalSection
	GlobalSection(SolutionProperties) = preSolution
		HideSolutionNode = FALSE
	EndGlobalSection
	GlobalSection(ExtensibilityGlobals) = postSolution
		SolutionGuid = {DC8FB097-8526-4388-BCDB-D87478D02890}
	EndGlobalSection
EndGlobal
