
Microsoft Visual Studio Solution File, Format Version 12.00
# Visual Studio Version 17
VisualStudioVersion = 17.10.34928.147
MinimumVisualStudioVersion = 10.0.40219.1
Project("{8BC9CEB8-8B4A-11D0-8D11-00A0C91BC942}") = "gtest", "gtest\gtest.vcxproj", "{EB05AC9B-5E4C-41FC-B86E-29966C8AB278}"
EndProject
Project("{8BC9CEB8-8B4A-11D0-8D11-00A0C91BC942}") = "gtest_main", "gtest\gtest_main.vcxproj", "{A2338105-1344-4CE5-99DC-E87F5F95BFE6}"
EndProject
Project("{8BC9CEB8-8B4A-11D0-8D11-00A0C91BC942}") = "sqlite3Lib", "sqlite3Lib\sqlite3Lib.vcxproj", "{EF5D778C-67E2-4077-A44E-F9C441DEF88B}"
EndProject
Project("{8BC9CEB8-8B4A-11D0-8D11-00A0C91BC942}") = "zlibstatic", "zlib-1.2.12\zlibstatic.vcxproj", "{EC865968-98F5-3503-9769-92B65D011DB1}"
EndProject
Project("{8BC9CEB8-8B4A-11D0-8D11-00A0C91BC942}") = "zlib", "zlib-1.2.12\zlib.vcxproj", "{B06E199C-9CED-4075-9F47-A43798B4DC99}"
EndProject
Project("{8BC9CEB8-8B4A-11D0-8D11-00A0C91BC942}") = "dllcurl", "curl\dllcurl.vcxproj", "{DA6F56B4-06A4-441D-AD70-AC5A7D51FADB}"
EndProject
Project("{8BC9CEB8-8B4A-11D0-8D11-00A0C91BC942}") = "libcurl", "curl\libcurl.vcxproj", "{FC5FBAC5-5FF1-4C17-B72B-9FE938608AAD}"
EndProject
Project("{8BC9CEB8-8B4A-11D0-8D11-00A0C91BC942}") = "sqlite3", "sqlite3Lib\sqlite3.vcxproj", "{DADE659E-A707-4222-8542-095F6596FB39}"
EndProject
Global
	GlobalSection(SolutionConfigurationPlatforms) = preSolution
		Debug|x64 = Debug|x64
		Debug|x86 = Debug|x86
		DebugMT|x64 = DebugMT|x64
		DebugMT|x86 = DebugMT|x86
		Release|x64 = Release|x64
		Release|x86 = Release|x86
		ReleaseMT|x64 = ReleaseMT|x64
		ReleaseMT|x86 = ReleaseMT|x86
	EndGlobalSection
	GlobalSection(ProjectConfigurationPlatforms) = postSolution
		{EB05AC9B-5E4C-41FC-B86E-29966C8AB278}.Debug|x64.ActiveCfg = Debug|x64
		{EB05AC9B-5E4C-41FC-B86E-29966C8AB278}.Debug|x64.Build.0 = Debug|x64
		{EB05AC9B-5E4C-41FC-B86E-29966C8AB278}.Debug|x86.ActiveCfg = Debug|Win32
		{EB05AC9B-5E4C-41FC-B86E-29966C8AB278}.Debug|x86.Build.0 = Debug|Win32
		{EB05AC9B-5E4C-41FC-B86E-29966C8AB278}.DebugMT|x64.ActiveCfg = DebugMT|x64
		{EB05AC9B-5E4C-41FC-B86E-29966C8AB278}.DebugMT|x64.Build.0 = DebugMT|x64
		{EB05AC9B-5E4C-41FC-B86E-29966C8AB278}.DebugMT|x86.ActiveCfg = DebugMT|Win32
		{EB05AC9B-5E4C-41FC-B86E-29966C8AB278}.DebugMT|x86.Build.0 = DebugMT|Win32
		{EB05AC9B-5E4C-41FC-B86E-29966C8AB278}.Release|x64.ActiveCfg = Release|x64
		{EB05AC9B-5E4C-41FC-B86E-29966C8AB278}.Release|x64.Build.0 = Release|x64
		{EB05AC9B-5E4C-41FC-B86E-29966C8AB278}.Release|x86.ActiveCfg = Release|Win32
		{EB05AC9B-5E4C-41FC-B86E-29966C8AB278}.Release|x86.Build.0 = Release|Win32
		{EB05AC9B-5E4C-41FC-B86E-29966C8AB278}.ReleaseMT|x64.ActiveCfg = ReleaseMT|x64
		{EB05AC9B-5E4C-41FC-B86E-29966C8AB278}.ReleaseMT|x64.Build.0 = ReleaseMT|x64
		{EB05AC9B-5E4C-41FC-B86E-29966C8AB278}.ReleaseMT|x86.ActiveCfg = ReleaseMT|Win32
		{EB05AC9B-5E4C-41FC-B86E-29966C8AB278}.ReleaseMT|x86.Build.0 = ReleaseMT|Win32
		{A2338105-1344-4CE5-99DC-E87F5F95BFE6}.Debug|x64.ActiveCfg = Debug|x64
		{A2338105-1344-4CE5-99DC-E87F5F95BFE6}.Debug|x64.Build.0 = Debug|x64
		{A2338105-1344-4CE5-99DC-E87F5F95BFE6}.Debug|x86.ActiveCfg = Debug|Win32
		{A2338105-1344-4CE5-99DC-E87F5F95BFE6}.Debug|x86.Build.0 = Debug|Win32
		{A2338105-1344-4CE5-99DC-E87F5F95BFE6}.DebugMT|x64.ActiveCfg = DebugMT|x64
		{A2338105-1344-4CE5-99DC-E87F5F95BFE6}.DebugMT|x64.Build.0 = DebugMT|x64
		{A2338105-1344-4CE5-99DC-E87F5F95BFE6}.DebugMT|x86.ActiveCfg = DebugMT|Win32
		{A2338105-1344-4CE5-99DC-E87F5F95BFE6}.DebugMT|x86.Build.0 = DebugMT|Win32
		{A2338105-1344-4CE5-99DC-E87F5F95BFE6}.Release|x64.ActiveCfg = Release|x64
		{A2338105-1344-4CE5-99DC-E87F5F95BFE6}.Release|x64.Build.0 = Release|x64
		{A2338105-1344-4CE5-99DC-E87F5F95BFE6}.Release|x86.ActiveCfg = Release|Win32
		{A2338105-1344-4CE5-99DC-E87F5F95BFE6}.Release|x86.Build.0 = Release|Win32
		{A2338105-1344-4CE5-99DC-E87F5F95BFE6}.ReleaseMT|x64.ActiveCfg = ReleaseMT|x64
		{A2338105-1344-4CE5-99DC-E87F5F95BFE6}.ReleaseMT|x64.Build.0 = ReleaseMT|x64
		{A2338105-1344-4CE5-99DC-E87F5F95BFE6}.ReleaseMT|x86.ActiveCfg = ReleaseMT|Win32
		{A2338105-1344-4CE5-99DC-E87F5F95BFE6}.ReleaseMT|x86.Build.0 = ReleaseMT|Win32
		{EF5D778C-67E2-4077-A44E-F9C441DEF88B}.Debug|x64.ActiveCfg = Debug|x64
		{EF5D778C-67E2-4077-A44E-F9C441DEF88B}.Debug|x64.Build.0 = Debug|x64
		{EF5D778C-67E2-4077-A44E-F9C441DEF88B}.Debug|x86.ActiveCfg = Debug|Win32
		{EF5D778C-67E2-4077-A44E-F9C441DEF88B}.Debug|x86.Build.0 = Debug|Win32
		{EF5D778C-67E2-4077-A44E-F9C441DEF88B}.DebugMT|x64.ActiveCfg = DebugMT|x64
		{EF5D778C-67E2-4077-A44E-F9C441DEF88B}.DebugMT|x64.Build.0 = DebugMT|x64
		{EF5D778C-67E2-4077-A44E-F9C441DEF88B}.DebugMT|x86.ActiveCfg = DebugMT|Win32
		{EF5D778C-67E2-4077-A44E-F9C441DEF88B}.DebugMT|x86.Build.0 = DebugMT|Win32
		{EF5D778C-67E2-4077-A44E-F9C441DEF88B}.Release|x64.ActiveCfg = Release|x64
		{EF5D778C-67E2-4077-A44E-F9C441DEF88B}.Release|x64.Build.0 = Release|x64
		{EF5D778C-67E2-4077-A44E-F9C441DEF88B}.Release|x86.ActiveCfg = Release|Win32
		{EF5D778C-67E2-4077-A44E-F9C441DEF88B}.Release|x86.Build.0 = Release|Win32
		{EF5D778C-67E2-4077-A44E-F9C441DEF88B}.ReleaseMT|x64.ActiveCfg = ReleaseMT|x64
		{EF5D778C-67E2-4077-A44E-F9C441DEF88B}.ReleaseMT|x64.Build.0 = ReleaseMT|x64
		{EF5D778C-67E2-4077-A44E-F9C441DEF88B}.ReleaseMT|x86.ActiveCfg = ReleaseMT|Win32
		{EF5D778C-67E2-4077-A44E-F9C441DEF88B}.ReleaseMT|x86.Build.0 = ReleaseMT|Win32
		{EC865968-98F5-3503-9769-92B65D011DB1}.Debug|x64.ActiveCfg = Debug|x64
		{EC865968-98F5-3503-9769-92B65D011DB1}.Debug|x64.Build.0 = Debug|x64
		{EC865968-98F5-3503-9769-92B65D011DB1}.Debug|x86.ActiveCfg = Debug|Win32
		{EC865968-98F5-3503-9769-92B65D011DB1}.Debug|x86.Build.0 = Debug|Win32
		{EC865968-98F5-3503-9769-92B65D011DB1}.DebugMT|x64.ActiveCfg = DebugMT|x64
		{EC865968-98F5-3503-9769-92B65D011DB1}.DebugMT|x64.Build.0 = DebugMT|x64
		{EC865968-98F5-3503-9769-92B65D011DB1}.DebugMT|x86.ActiveCfg = DebugMT|Win32
		{EC865968-98F5-3503-9769-92B65D011DB1}.DebugMT|x86.Build.0 = DebugMT|Win32
		{EC865968-98F5-3503-9769-92B65D011DB1}.Release|x64.ActiveCfg = Release|x64
		{EC865968-98F5-3503-9769-92B65D011DB1}.Release|x64.Build.0 = Release|x64
		{EC865968-98F5-3503-9769-92B65D011DB1}.Release|x86.ActiveCfg = Release|Win32
		{EC865968-98F5-3503-9769-92B65D011DB1}.Release|x86.Build.0 = Release|Win32
		{EC865968-98F5-3503-9769-92B65D011DB1}.ReleaseMT|x64.ActiveCfg = ReleaseMT|x64
		{EC865968-98F5-3503-9769-92B65D011DB1}.ReleaseMT|x64.Build.0 = ReleaseMT|x64
		{EC865968-98F5-3503-9769-92B65D011DB1}.ReleaseMT|x86.ActiveCfg = ReleaseMT|Win32
		{EC865968-98F5-3503-9769-92B65D011DB1}.ReleaseMT|x86.Build.0 = ReleaseMT|Win32
		{B06E199C-9CED-4075-9F47-A43798B4DC99}.Debug|x64.ActiveCfg = Debug|x64
		{B06E199C-9CED-4075-9F47-A43798B4DC99}.Debug|x64.Build.0 = Debug|x64
		{B06E199C-9CED-4075-9F47-A43798B4DC99}.Debug|x86.ActiveCfg = Debug|Win32
		{B06E199C-9CED-4075-9F47-A43798B4DC99}.Debug|x86.Build.0 = Debug|Win32
		{B06E199C-9CED-4075-9F47-A43798B4DC99}.DebugMT|x64.ActiveCfg = DebugMT|x64
		{B06E199C-9CED-4075-9F47-A43798B4DC99}.DebugMT|x64.Build.0 = DebugMT|x64
		{B06E199C-9CED-4075-9F47-A43798B4DC99}.DebugMT|x86.ActiveCfg = DebugMT|Win32
		{B06E199C-9CED-4075-9F47-A43798B4DC99}.DebugMT|x86.Build.0 = DebugMT|Win32
		{B06E199C-9CED-4075-9F47-A43798B4DC99}.Release|x64.ActiveCfg = Release|x64
		{B06E199C-9CED-4075-9F47-A43798B4DC99}.Release|x64.Build.0 = Release|x64
		{B06E199C-9CED-4075-9F47-A43798B4DC99}.Release|x86.ActiveCfg = Release|Win32
		{B06E199C-9CED-4075-9F47-A43798B4DC99}.Release|x86.Build.0 = Release|Win32
		{B06E199C-9CED-4075-9F47-A43798B4DC99}.ReleaseMT|x64.ActiveCfg = ReleaseMT|x64
		{B06E199C-9CED-4075-9F47-A43798B4DC99}.ReleaseMT|x64.Build.0 = ReleaseMT|x64
		{B06E199C-9CED-4075-9F47-A43798B4DC99}.ReleaseMT|x86.ActiveCfg = ReleaseMT|Win32
		{B06E199C-9CED-4075-9F47-A43798B4DC99}.ReleaseMT|x86.Build.0 = ReleaseMT|Win32
		{DA6F56B4-06A4-441D-AD70-AC5A7D51FADB}.Debug|x64.ActiveCfg = Debug|x64
		{DA6F56B4-06A4-441D-AD70-AC5A7D51FADB}.Debug|x64.Build.0 = Debug|x64
		{DA6F56B4-06A4-441D-AD70-AC5A7D51FADB}.Debug|x86.ActiveCfg = Debug|Win32
		{DA6F56B4-06A4-441D-AD70-AC5A7D51FADB}.Debug|x86.Build.0 = Debug|Win32
		{DA6F56B4-06A4-441D-AD70-AC5A7D51FADB}.DebugMT|x64.ActiveCfg = DebugMT|x64
		{DA6F56B4-06A4-441D-AD70-AC5A7D51FADB}.DebugMT|x64.Build.0 = DebugMT|x64
		{DA6F56B4-06A4-441D-AD70-AC5A7D51FADB}.DebugMT|x86.ActiveCfg = DebugMT|Win32
		{DA6F56B4-06A4-441D-AD70-AC5A7D51FADB}.DebugMT|x86.Build.0 = DebugMT|Win32
		{DA6F56B4-06A4-441D-AD70-AC5A7D51FADB}.Release|x64.ActiveCfg = Release|x64
		{DA6F56B4-06A4-441D-AD70-AC5A7D51FADB}.Release|x64.Build.0 = Release|x64
		{DA6F56B4-06A4-441D-AD70-AC5A7D51FADB}.Release|x86.ActiveCfg = Release|Win32
		{DA6F56B4-06A4-441D-AD70-AC5A7D51FADB}.Release|x86.Build.0 = Release|Win32
		{DA6F56B4-06A4-441D-AD70-AC5A7D51FADB}.ReleaseMT|x64.ActiveCfg = ReleaseMT|x64
		{DA6F56B4-06A4-441D-AD70-AC5A7D51FADB}.ReleaseMT|x64.Build.0 = ReleaseMT|x64
		{DA6F56B4-06A4-441D-AD70-AC5A7D51FADB}.ReleaseMT|x86.ActiveCfg = ReleaseMT|Win32
		{DA6F56B4-06A4-441D-AD70-AC5A7D51FADB}.ReleaseMT|x86.Build.0 = ReleaseMT|Win32
		{FC5FBAC5-5FF1-4C17-B72B-9FE938608AAD}.Debug|x64.ActiveCfg = Debug|x64
		{FC5FBAC5-5FF1-4C17-B72B-9FE938608AAD}.Debug|x64.Build.0 = Debug|x64
		{FC5FBAC5-5FF1-4C17-B72B-9FE938608AAD}.Debug|x86.ActiveCfg = Debug|Win32
		{FC5FBAC5-5FF1-4C17-B72B-9FE938608AAD}.Debug|x86.Build.0 = Debug|Win32
		{FC5FBAC5-5FF1-4C17-B72B-9FE938608AAD}.DebugMT|x64.ActiveCfg = DebugMT|x64
		{FC5FBAC5-5FF1-4C17-B72B-9FE938608AAD}.DebugMT|x64.Build.0 = DebugMT|x64
		{FC5FBAC5-5FF1-4C17-B72B-9FE938608AAD}.DebugMT|x86.ActiveCfg = DebugMT|Win32
		{FC5FBAC5-5FF1-4C17-B72B-9FE938608AAD}.DebugMT|x86.Build.0 = DebugMT|Win32
		{FC5FBAC5-5FF1-4C17-B72B-9FE938608AAD}.Release|x64.ActiveCfg = Release|x64
		{FC5FBAC5-5FF1-4C17-B72B-9FE938608AAD}.Release|x64.Build.0 = Release|x64
		{FC5FBAC5-5FF1-4C17-B72B-9FE938608AAD}.Release|x86.ActiveCfg = Release|Win32
		{FC5FBAC5-5FF1-4C17-B72B-9FE938608AAD}.Release|x86.Build.0 = Release|Win32
		{FC5FBAC5-5FF1-4C17-B72B-9FE938608AAD}.ReleaseMT|x64.ActiveCfg = ReleaseMT|x64
		{FC5FBAC5-5FF1-4C17-B72B-9FE938608AAD}.ReleaseMT|x64.Build.0 = ReleaseMT|x64
		{FC5FBAC5-5FF1-4C17-B72B-9FE938608AAD}.ReleaseMT|x86.ActiveCfg = ReleaseMT|Win32
		{FC5FBAC5-5FF1-4C17-B72B-9FE938608AAD}.ReleaseMT|x86.Build.0 = ReleaseMT|Win32
		{DADE659E-A707-4222-8542-095F6596FB39}.Debug|x64.ActiveCfg = Debug|x64
		{DADE659E-A707-4222-8542-095F6596FB39}.Debug|x64.Build.0 = Debug|x64
		{DADE659E-A707-4222-8542-095F6596FB39}.Debug|x86.ActiveCfg = Debug|Win32
		{DADE659E-A707-4222-8542-095F6596FB39}.Debug|x86.Build.0 = Debug|Win32
		{DADE659E-A707-4222-8542-095F6596FB39}.DebugMT|x64.ActiveCfg = DebugMT|x64
		{DADE659E-A707-4222-8542-095F6596FB39}.DebugMT|x64.Build.0 = DebugMT|x64
		{DADE659E-A707-4222-8542-095F6596FB39}.DebugMT|x86.ActiveCfg = DebugMT|Win32
		{DADE659E-A707-4222-8542-095F6596FB39}.DebugMT|x86.Build.0 = DebugMT|Win32
		{DADE659E-A707-4222-8542-095F6596FB39}.Release|x64.ActiveCfg = Release|x64
		{DADE659E-A707-4222-8542-095F6596FB39}.Release|x64.Build.0 = Release|x64
		{DADE659E-A707-4222-8542-095F6596FB39}.Release|x86.ActiveCfg = Release|Win32
		{DADE659E-A707-4222-8542-095F6596FB39}.Release|x86.Build.0 = Release|Win32
		{DADE659E-A707-4222-8542-095F6596FB39}.ReleaseMT|x64.ActiveCfg = ReleaseMT|x64
		{DADE659E-A707-4222-8542-095F6596FB39}.ReleaseMT|x64.Build.0 = ReleaseMT|x64
		{DADE659E-A707-4222-8542-095F6596FB39}.ReleaseMT|x86.ActiveCfg = ReleaseMT|Win32
		{DADE659E-A707-4222-8542-095F6596FB39}.ReleaseMT|x86.Build.0 = ReleaseMT|Win32
	EndGlobalSection
	GlobalSection(SolutionProperties) = preSolution
		HideSolutionNode = FALSE
	EndGlobalSection
	GlobalSection(ExtensibilityGlobals) = postSolution
		SolutionGuid = {F4389DC3-E369-4BDE-BAA5-4D5FB232BCC4}
	EndGlobalSection
EndGlobal
