
Microsoft Visual Studio Solution File, Format Version 12.00
# Visual Studio Version 17
VisualStudioVersion = 17.14.36811.4
MinimumVisualStudioVersion = 10.0.40219.1
Project("{8BC9CEB8-8B4A-11D0-8D11-00A0C91BC942}") = "pcre2-8-static", "pcre2-8-static.vcxproj", "{1EAFFC1B-FFFA-3998-A68A-B84CE61B6FB9}"
EndProject
Project("{8BC9CEB8-8B4A-11D0-8D11-00A0C91BC942}") = "pcre2-posix-static", "pcre2-posix-static.vcxproj", "{A6E13304-95BE-3622-9A9D-CF0ADD2A85A1}"
	ProjectSection(ProjectDependencies) = postProject
		{1EAFFC1B-FFFA-3998-A68A-B84CE61B6FB9} = {1EAFFC1B-FFFA-3998-A68A-B84CE61B6FB9}
	EndProjectSection
EndProject
Global
	GlobalSection(SolutionConfigurationPlatforms) = preSolution
		Debug|x64 = Debug|x64
		DebugMT|x64 = DebugMT|x64
		Release|x64 = Release|x64
		ReleaseMT|x64 = ReleaseMT|x64
	EndGlobalSection
	GlobalSection(ProjectConfigurationPlatforms) = postSolution
		{1EAFFC1B-FFFA-3998-A68A-B84CE61B6FB9}.Debug|x64.ActiveCfg = Debug|x64
		{1EAFFC1B-FFFA-3998-A68A-B84CE61B6FB9}.Debug|x64.Build.0 = Debug|x64
		{1EAFFC1B-FFFA-3998-A68A-B84CE61B6FB9}.DebugMT|x64.ActiveCfg = DebugMT|x64
		{1EAFFC1B-FFFA-3998-A68A-B84CE61B6FB9}.DebugMT|x64.Build.0 = DebugMT|x64
		{1EAFFC1B-FFFA-3998-A68A-B84CE61B6FB9}.Release|x64.ActiveCfg = Release|x64
		{1EAFFC1B-FFFA-3998-A68A-B84CE61B6FB9}.Release|x64.Build.0 = Release|x64
		{1EAFFC1B-FFFA-3998-A68A-B84CE61B6FB9}.ReleaseMT|x64.ActiveCfg = ReleaseMT|x64
		{1EAFFC1B-FFFA-3998-A68A-B84CE61B6FB9}.ReleaseMT|x64.Build.0 = ReleaseMT|x64
		{A6E13304-95BE-3622-9A9D-CF0ADD2A85A1}.Debug|x64.ActiveCfg = Debug|x64
		{A6E13304-95BE-3622-9A9D-CF0ADD2A85A1}.Debug|x64.Build.0 = Debug|x64
		{A6E13304-95BE-3622-9A9D-CF0ADD2A85A1}.DebugMT|x64.ActiveCfg = DebugMT|x64
		{A6E13304-95BE-3622-9A9D-CF0ADD2A85A1}.DebugMT|x64.Build.0 = DebugMT|x64
		{A6E13304-95BE-3622-9A9D-CF0ADD2A85A1}.Release|x64.ActiveCfg = Release|x64
		{A6E13304-95BE-3622-9A9D-CF0ADD2A85A1}.Release|x64.Build.0 = Release|x64
		{A6E13304-95BE-3622-9A9D-CF0ADD2A85A1}.ReleaseMT|x64.ActiveCfg = ReleaseMT|x64
		{A6E13304-95BE-3622-9A9D-CF0ADD2A85A1}.ReleaseMT|x64.Build.0 = ReleaseMT|x64
	EndGlobalSection
	GlobalSection(SolutionProperties) = preSolution
		HideSolutionNode = FALSE
	EndGlobalSection
	GlobalSection(ExtensibilityGlobals) = postSolution
		SolutionGuid = {DE177074-6A37-3322-AC39-FAFCE3B0A55C}
	EndGlobalSection
EndGlobal
